// !$*UTF8*$!
{
	archiveVersion = 1;
	classes = {
	};
	objectVersion = 48;
	objects = {

/* Begin PBXBuildFile section */
		9A0010CE1E0A0887008E7092 /* BudgetListViewController.swift in Sources */ = {isa = PBXBuildFile; fileRef = 9A0010CD1E0A0887008E7092 /* BudgetListViewController.swift */; };
		9A0010D01E0A097D008E7092 /* BudgetVariables.swift in Sources */ = {isa = PBXBuildFile; fileRef = 9A0010CF1E0A097D008E7092 /* BudgetVariables.swift */; };
		9A0010DE1E0A27DF008E7092 /* MyBudget+CoreDataClass.swift in Sources */ = {isa = PBXBuildFile; fileRef = 9A0010DC1E0A27DF008E7092 /* MyBudget+CoreDataClass.swift */; };
		9A0010DF1E0A27DF008E7092 /* MyBudget+CoreDataProperties.swift in Sources */ = {isa = PBXBuildFile; fileRef = 9A0010DD1E0A27DF008E7092 /* MyBudget+CoreDataProperties.swift */; };
		9A005ABE1E0D24F10081142A /* BarGraphViewController.swift in Sources */ = {isa = PBXBuildFile; fileRef = 9A005ABD1E0D24F10081142A /* BarGraphViewController.swift */; };
		9A09B72A1E0CB96A00D0F4A4 /* Charts.framework in Frameworks */ = {isa = PBXBuildFile; fileRef = 9A09B7291E0CB96A00D0F4A4 /* Charts.framework */; };
		9A09B72B1E0CB96A00D0F4A4 /* Charts.framework in Embed Frameworks */ = {isa = PBXBuildFile; fileRef = 9A09B7291E0CB96A00D0F4A4 /* Charts.framework */; settings = {ATTRIBUTES = (CodeSignOnCopy, RemoveHeadersOnCopy, ); }; };
		9A213F101E6A7D2D0037C182 /* Google_Maps_Night_Theme.json in Resources */ = {isa = PBXBuildFile; fileRef = 9A213F0F1E6A7D2D0037C182 /* Google_Maps_Night_Theme.json */; };
		9A27BF2B1E0A01B100146EEA /* AppDelegate.swift in Sources */ = {isa = PBXBuildFile; fileRef = 9A27BF2A1E0A01B100146EEA /* AppDelegate.swift */; };
		9A27BF2D1E0A01B100146EEA /* SpendViewController.swift in Sources */ = {isa = PBXBuildFile; fileRef = 9A27BF2C1E0A01B100146EEA /* SpendViewController.swift */; };
		9A27BF351E0A01B100146EEA /* Assets.xcassets in Resources */ = {isa = PBXBuildFile; fileRef = 9A27BF341E0A01B100146EEA /* Assets.xcassets */; };
		9A27BF381E0A01B100146EEA /* LaunchScreen.storyboard in Resources */ = {isa = PBXBuildFile; fileRef = 9A27BF361E0A01B100146EEA /* LaunchScreen.storyboard */; };
		9A27BF5C1E0A022A00146EEA /* Main.storyboard in Resources */ = {isa = PBXBuildFile; fileRef = 9A27BF5B1E0A022A00146EEA /* Main.storyboard */; };
		9AA401401E681F2B006D4D70 /* HistoryAndMapViewController.swift in Sources */ = {isa = PBXBuildFile; fileRef = 9AA4013F1E681F2B006D4D70 /* HistoryAndMapViewController.swift */; };
		9AA401431E683F95006D4D70 /* Pocket_Change.xcdatamodeld in Sources */ = {isa = PBXBuildFile; fileRef = 9AA401411E683F95006D4D70 /* Pocket_Change.xcdatamodeld */; };
		9AAE17801E0DD41100F98BEB /* PieChartViewController.swift in Sources */ = {isa = PBXBuildFile; fileRef = 9AAE177F1E0DD41100F98BEB /* PieChartViewController.swift */; };
		9BEEB8B3237E9316D22EC5F1 /* libPods-Pocket Change.a in Frameworks */ = {isa = PBXBuildFile; fileRef = 6B3C8443A31C8AFFA3062D10 /* libPods-Pocket Change.a */; };
/* End PBXBuildFile section */

/* Begin PBXContainerItemProxy section */
		9A005AB71E0D01680081142A /* PBXContainerItemProxy */ = {
			isa = PBXContainerItemProxy;
			containerPortal = 9A09B71D1E0CB92600D0F4A4 /* Charts.xcodeproj */;
			proxyType = 2;
			remoteGlobalIDString = 06165F241D8110E600722320;
			remoteInfo = Charts;
		};
		9A005AB91E0D01680081142A /* PBXContainerItemProxy */ = {
			isa = PBXContainerItemProxy;
			containerPortal = 9A09B71D1E0CB92600D0F4A4 /* Charts.xcodeproj */;
			proxyType = 2;
			remoteGlobalIDString = 06B120D51D811E6200D14B02;
			remoteInfo = ChartsRealm;
		};
		9A005ABB1E0D01680081142A /* PBXContainerItemProxy */ = {
			isa = PBXContainerItemProxy;
			containerPortal = 9A09B71D1E0CB92600D0F4A4 /* Charts.xcodeproj */;
			proxyType = 2;
			remoteGlobalIDString = 06165F2E1D8110E600722320;
			remoteInfo = ChartsTests;
		};
/* End PBXContainerItemProxy section */

/* Begin PBXCopyFilesBuildPhase section */
		9A09B72C1E0CB96B00D0F4A4 /* Embed Frameworks */ = {
			isa = PBXCopyFilesBuildPhase;
			buildActionMask = 2147483647;
			dstPath = "";
			dstSubfolderSpec = 10;
			files = (
				9A09B72B1E0CB96A00D0F4A4 /* Charts.framework in Embed Frameworks */,
			);
			name = "Embed Frameworks";
			runOnlyForDeploymentPostprocessing = 0;
		};
/* End PBXCopyFilesBuildPhase section */

/* Begin PBXFileReference section */
		6B3C8443A31C8AFFA3062D10 /* libPods-Pocket Change.a */ = {isa = PBXFileReference; explicitFileType = archive.ar; includeInIndex = 0; path = "libPods-Pocket Change.a"; sourceTree = BUILT_PRODUCTS_DIR; };
		703EF1DA9E0B13718BB778C5 /* Pods-Pocket Change.debug.xcconfig */ = {isa = PBXFileReference; includeInIndex = 1; lastKnownFileType = text.xcconfig; name = "Pods-Pocket Change.debug.xcconfig"; path = "Pods/Target Support Files/Pods-Pocket Change/Pods-Pocket Change.debug.xcconfig"; sourceTree = "<group>"; };
		8F0F7F4F5510AE26864AF489 /* Pods-Pocket Change.release.xcconfig */ = {isa = PBXFileReference; includeInIndex = 1; lastKnownFileType = text.xcconfig; name = "Pods-Pocket Change.release.xcconfig"; path = "Pods/Target Support Files/Pods-Pocket Change/Pods-Pocket Change.release.xcconfig"; sourceTree = "<group>"; };
		9A0010CD1E0A0887008E7092 /* BudgetListViewController.swift */ = {isa = PBXFileReference; fileEncoding = 4; lastKnownFileType = sourcecode.swift; path = BudgetListViewController.swift; sourceTree = "<group>"; };
		9A0010CF1E0A097D008E7092 /* BudgetVariables.swift */ = {isa = PBXFileReference; fileEncoding = 4; lastKnownFileType = sourcecode.swift; path = BudgetVariables.swift; sourceTree = "<group>"; };
		9A0010DC1E0A27DF008E7092 /* MyBudget+CoreDataClass.swift */ = {isa = PBXFileReference; fileEncoding = 4; lastKnownFileType = sourcecode.swift; name = "MyBudget+CoreDataClass.swift"; path = "../MyBudget+CoreDataClass.swift"; sourceTree = "<group>"; };
		9A0010DD1E0A27DF008E7092 /* MyBudget+CoreDataProperties.swift */ = {isa = PBXFileReference; fileEncoding = 4; lastKnownFileType = sourcecode.swift; name = "MyBudget+CoreDataProperties.swift"; path = "../MyBudget+CoreDataProperties.swift"; sourceTree = "<group>"; };
		9A005ABD1E0D24F10081142A /* BarGraphViewController.swift */ = {isa = PBXFileReference; fileEncoding = 4; lastKnownFileType = sourcecode.swift; path = BarGraphViewController.swift; sourceTree = "<group>"; };
		9A09B71D1E0CB92600D0F4A4 /* Charts.xcodeproj */ = {isa = PBXFileReference; lastKnownFileType = "wrapper.pb-project"; name = Charts.xcodeproj; path = "Pocket Change/Charts/Charts.xcodeproj"; sourceTree = "<group>"; };
		9A09B7291E0CB96A00D0F4A4 /* Charts.framework */ = {isa = PBXFileReference; explicitFileType = wrapper.framework; path = Charts.framework; sourceTree = BUILT_PRODUCTS_DIR; };
		9A213F0F1E6A7D2D0037C182 /* Google_Maps_Night_Theme.json */ = {isa = PBXFileReference; fileEncoding = 4; lastKnownFileType = text.json; path = Google_Maps_Night_Theme.json; sourceTree = "<group>"; };
		9A27BF271E0A01B100146EEA /* Pocket Change.app */ = {isa = PBXFileReference; explicitFileType = wrapper.application; includeInIndex = 0; path = "Pocket Change.app"; sourceTree = BUILT_PRODUCTS_DIR; };
		9A27BF2A1E0A01B100146EEA /* AppDelegate.swift */ = {isa = PBXFileReference; lastKnownFileType = sourcecode.swift; path = AppDelegate.swift; sourceTree = "<group>"; };
		9A27BF2C1E0A01B100146EEA /* SpendViewController.swift */ = {isa = PBXFileReference; lastKnownFileType = sourcecode.swift; path = SpendViewController.swift; sourceTree = "<group>"; };
		9A27BF341E0A01B100146EEA /* Assets.xcassets */ = {isa = PBXFileReference; lastKnownFileType = folder.assetcatalog; path = Assets.xcassets; sourceTree = "<group>"; };
		9A27BF371E0A01B100146EEA /* Base */ = {isa = PBXFileReference; lastKnownFileType = file.storyboard; name = Base; path = Base.lproj/LaunchScreen.storyboard; sourceTree = "<group>"; };
		9A27BF391E0A01B100146EEA /* Info.plist */ = {isa = PBXFileReference; lastKnownFileType = text.plist.xml; path = Info.plist; sourceTree = "<group>"; };
		9A27BF5B1E0A022A00146EEA /* Main.storyboard */ = {isa = PBXFileReference; fileEncoding = 4; lastKnownFileType = file.storyboard; path = Main.storyboard; sourceTree = "<group>"; };
		9AA4013F1E681F2B006D4D70 /* HistoryAndMapViewController.swift */ = {isa = PBXFileReference; fileEncoding = 4; lastKnownFileType = sourcecode.swift; path = HistoryAndMapViewController.swift; sourceTree = "<group>"; };
		9AA401421E683F95006D4D70 /* Pocket_Change.xcdatamodel */ = {isa = PBXFileReference; lastKnownFileType = wrapper.xcdatamodel; path = Pocket_Change.xcdatamodel; sourceTree = "<group>"; };
		9AAE177F1E0DD41100F98BEB /* PieChartViewController.swift */ = {isa = PBXFileReference; fileEncoding = 4; lastKnownFileType = sourcecode.swift; path = PieChartViewController.swift; sourceTree = "<group>"; };
/* End PBXFileReference section */

/* Begin PBXFrameworksBuildPhase section */
		9A27BF241E0A01B100146EEA /* Frameworks */ = {
			isa = PBXFrameworksBuildPhase;
			buildActionMask = 2147483647;
			files = (
				9A09B72A1E0CB96A00D0F4A4 /* Charts.framework in Frameworks */,
				9BEEB8B3237E9316D22EC5F1 /* libPods-Pocket Change.a in Frameworks */,
			);
			runOnlyForDeploymentPostprocessing = 0;
		};
/* End PBXFrameworksBuildPhase section */

/* Begin PBXGroup section */
		5F66FB100FF091CBE3C4C024 /* Pods */ = {
			isa = PBXGroup;
			children = (
				703EF1DA9E0B13718BB778C5 /* Pods-Pocket Change.debug.xcconfig */,
				8F0F7F4F5510AE26864AF489 /* Pods-Pocket Change.release.xcconfig */,
			);
			name = Pods;
			sourceTree = "<group>";
		};
		9A005AB21E0D01640081142A /* Products */ = {
			isa = PBXGroup;
			children = (
				9A005AB81E0D01680081142A /* Charts.framework */,
				9A005ABA1E0D01680081142A /* ChartsRealm.framework */,
				9A005ABC1E0D01680081142A /* ChartsTests.xctest */,
			);
			name = Products;
			sourceTree = "<group>";
		};
		9A27BF1E1E0A01B100146EEA = {
			isa = PBXGroup;
			children = (
				9A09B7291E0CB96A00D0F4A4 /* Charts.framework */,
				9A27BF291E0A01B100146EEA /* Pocket Change */,
				9A09B71D1E0CB92600D0F4A4 /* Charts.xcodeproj */,
				9A27BF281E0A01B100146EEA /* Products */,
				5F66FB100FF091CBE3C4C024 /* Pods */,
				F282B2119CEA6BD34C6FD349 /* Frameworks */,
			);
			sourceTree = "<group>";
		};
		9A27BF281E0A01B100146EEA /* Products */ = {
			isa = PBXGroup;
			children = (
				9A27BF271E0A01B100146EEA /* Pocket Change.app */,
			);
			name = Products;
			sourceTree = "<group>";
		};
		9A27BF291E0A01B100146EEA /* Pocket Change */ = {
			isa = PBXGroup;
			children = (
				9A27BF2A1E0A01B100146EEA /* AppDelegate.swift */,
				9A0010CF1E0A097D008E7092 /* BudgetVariables.swift */,
				9AAE177F1E0DD41100F98BEB /* PieChartViewController.swift */,
				9A0010CD1E0A0887008E7092 /* BudgetListViewController.swift */,
				9A27BF2C1E0A01B100146EEA /* SpendViewController.swift */,
				9A005ABD1E0D24F10081142A /* BarGraphViewController.swift */,
				9AA4013F1E681F2B006D4D70 /* HistoryAndMapViewController.swift */,
				9A27BF5B1E0A022A00146EEA /* Main.storyboard */,
				9A0010DC1E0A27DF008E7092 /* MyBudget+CoreDataClass.swift */,
				9A0010DD1E0A27DF008E7092 /* MyBudget+CoreDataProperties.swift */,
				9AA401411E683F95006D4D70 /* Pocket_Change.xcdatamodeld */,
				9A27BF341E0A01B100146EEA /* Assets.xcassets */,
				9A27BF361E0A01B100146EEA /* LaunchScreen.storyboard */,
				9A27BF391E0A01B100146EEA /* Info.plist */,
				9A213F0F1E6A7D2D0037C182 /* Google_Maps_Night_Theme.json */,
			);
			path = "Pocket Change";
			sourceTree = "<group>";
		};
		F282B2119CEA6BD34C6FD349 /* Frameworks */ = {
			isa = PBXGroup;
			children = (
				6B3C8443A31C8AFFA3062D10 /* libPods-Pocket Change.a */,
			);
			name = Frameworks;
			sourceTree = "<group>";
		};
/* End PBXGroup section */

/* Begin PBXNativeTarget section */
		9A27BF261E0A01B100146EEA /* Pocket Change */ = {
			isa = PBXNativeTarget;
			buildConfigurationList = 9A27BF521E0A01B100146EEA /* Build configuration list for PBXNativeTarget "Pocket Change" */;
			buildPhases = (
				C48D1F0D2606CB4B057E4D1B /* [CP] Check Pods Manifest.lock */,
				9A27BF231E0A01B100146EEA /* Sources */,
				9A27BF241E0A01B100146EEA /* Frameworks */,
				9A27BF251E0A01B100146EEA /* Resources */,
				9A09B72C1E0CB96B00D0F4A4 /* Embed Frameworks */,
				A2D313829B82474B25B0E3B8 /* [CP] Embed Pods Frameworks */,
				39C9ECA117FD938A03EE9B83 /* [CP] Copy Pods Resources */,
			);
			buildRules = (
			);
			dependencies = (
			);
			name = "Pocket Change";
			productName = "Pocket Change";
			productReference = 9A27BF271E0A01B100146EEA /* Pocket Change.app */;
			productType = "com.apple.product-type.application";
		};
/* End PBXNativeTarget section */

/* Begin PBXProject section */
		9A27BF1F1E0A01B100146EEA /* Project object */ = {
			isa = PBXProject;
			attributes = {
				LastSwiftUpdateCheck = 0800;
				LastUpgradeCheck = 0820;
				ORGANIZATIONNAME = "Nathan Tsai";
				TargetAttributes = {
					9A27BF261E0A01B100146EEA = {
						CreatedOnToolsVersion = 8.0;
						DevelopmentTeam = QDXV9N79EB;
						ProvisioningStyle = Automatic;
					};
				};
			};
			buildConfigurationList = 9A27BF221E0A01B100146EEA /* Build configuration list for PBXProject "Pocket Change" */;
			compatibilityVersion = "Xcode 8.0";
			developmentRegion = English;
			hasScannedForEncodings = 0;
			knownRegions = (
				en,
				Base,
			);
			mainGroup = 9A27BF1E1E0A01B100146EEA;
			productRefGroup = 9A27BF281E0A01B100146EEA /* Products */;
			projectDirPath = "";
			projectReferences = (
				{
					ProductGroup = 9A005AB21E0D01640081142A /* Products */;
					ProjectRef = 9A09B71D1E0CB92600D0F4A4 /* Charts.xcodeproj */;
				},
			);
			projectRoot = "";
			targets = (
				9A27BF261E0A01B100146EEA /* Pocket Change */,
			);
		};
/* End PBXProject section */

/* Begin PBXReferenceProxy section */
		9A005AB81E0D01680081142A /* Charts.framework */ = {
			isa = PBXReferenceProxy;
			fileType = wrapper.framework;
			path = Charts.framework;
			remoteRef = 9A005AB71E0D01680081142A /* PBXContainerItemProxy */;
			sourceTree = BUILT_PRODUCTS_DIR;
		};
		9A005ABA1E0D01680081142A /* ChartsRealm.framework */ = {
			isa = PBXReferenceProxy;
			fileType = wrapper.framework;
			path = ChartsRealm.framework;
			remoteRef = 9A005AB91E0D01680081142A /* PBXContainerItemProxy */;
			sourceTree = BUILT_PRODUCTS_DIR;
		};
		9A005ABC1E0D01680081142A /* ChartsTests.xctest */ = {
			isa = PBXReferenceProxy;
			fileType = wrapper.cfbundle;
			path = ChartsTests.xctest;
			remoteRef = 9A005ABB1E0D01680081142A /* PBXContainerItemProxy */;
			sourceTree = BUILT_PRODUCTS_DIR;
		};
/* End PBXReferenceProxy section */

/* Begin PBXResourcesBuildPhase section */
		9A27BF251E0A01B100146EEA /* Resources */ = {
			isa = PBXResourcesBuildPhase;
			buildActionMask = 2147483647;
			files = (
				9A213F101E6A7D2D0037C182 /* Google_Maps_Night_Theme.json in Resources */,
				9A27BF381E0A01B100146EEA /* LaunchScreen.storyboard in Resources */,
				9A27BF351E0A01B100146EEA /* Assets.xcassets in Resources */,
				9A27BF5C1E0A022A00146EEA /* Main.storyboard in Resources */,
			);
			runOnlyForDeploymentPostprocessing = 0;
		};
/* End PBXResourcesBuildPhase section */

/* Begin PBXShellScriptBuildPhase section */
		39C9ECA117FD938A03EE9B83 /* [CP] Copy Pods Resources */ = {
			isa = PBXShellScriptBuildPhase;
			buildActionMask = 2147483647;
			files = (
			);
			inputPaths = (
			);
			name = "[CP] Copy Pods Resources";
			outputPaths = (
			);
			runOnlyForDeploymentPostprocessing = 0;
			shellPath = /bin/sh;
			shellScript = "\"${SRCROOT}/Pods/Target Support Files/Pods-Pocket Change/Pods-Pocket Change-resources.sh\"\n";
			showEnvVarsInLog = 0;
		};
		A2D313829B82474B25B0E3B8 /* [CP] Embed Pods Frameworks */ = {
			isa = PBXShellScriptBuildPhase;
			buildActionMask = 2147483647;
			files = (
			);
			inputPaths = (
			);
			name = "[CP] Embed Pods Frameworks";
			outputPaths = (
			);
			runOnlyForDeploymentPostprocessing = 0;
			shellPath = /bin/sh;
			shellScript = "\"${SRCROOT}/Pods/Target Support Files/Pods-Pocket Change/Pods-Pocket Change-frameworks.sh\"\n";
			showEnvVarsInLog = 0;
		};
		C48D1F0D2606CB4B057E4D1B /* [CP] Check Pods Manifest.lock */ = {
			isa = PBXShellScriptBuildPhase;
			buildActionMask = 2147483647;
			files = (
			);
			inputPaths = (
			);
			name = "[CP] Check Pods Manifest.lock";
			outputPaths = (
			);
			runOnlyForDeploymentPostprocessing = 0;
			shellPath = /bin/sh;
			shellScript = "diff \"${PODS_ROOT}/../Podfile.lock\" \"${PODS_ROOT}/Manifest.lock\" > /dev/null\nif [ $? != 0 ] ; then\n    # print error to STDERR\n    echo \"error: The sandbox is not in sync with the Podfile.lock. Run 'pod install' or update your CocoaPods installation.\" >&2\n    exit 1\nfi\n";
			showEnvVarsInLog = 0;
		};
/* End PBXShellScriptBuildPhase section */

/* Begin PBXSourcesBuildPhase section */
		9A27BF231E0A01B100146EEA /* Sources */ = {
			isa = PBXSourcesBuildPhase;
			buildActionMask = 2147483647;
			files = (
				9A0010DF1E0A27DF008E7092 /* MyBudget+CoreDataProperties.swift in Sources */,
				9AA401401E681F2B006D4D70 /* HistoryAndMapViewController.swift in Sources */,
				9A0010DE1E0A27DF008E7092 /* MyBudget+CoreDataClass.swift in Sources */,
				9A27BF2D1E0A01B100146EEA /* SpendViewController.swift in Sources */,
				9AAE17801E0DD41100F98BEB /* PieChartViewController.swift in Sources */,
				9A0010D01E0A097D008E7092 /* BudgetVariables.swift in Sources */,
				9A27BF2B1E0A01B100146EEA /* AppDelegate.swift in Sources */,
				9A0010CE1E0A0887008E7092 /* BudgetListViewController.swift in Sources */,
				9AA401431E683F95006D4D70 /* Pocket_Change.xcdatamodeld in Sources */,
				9A005ABE1E0D24F10081142A /* BarGraphViewController.swift in Sources */,
			);
			runOnlyForDeploymentPostprocessing = 0;
		};
/* End PBXSourcesBuildPhase section */

/* Begin PBXVariantGroup section */
		9A27BF361E0A01B100146EEA /* LaunchScreen.storyboard */ = {
			isa = PBXVariantGroup;
			children = (
				9A27BF371E0A01B100146EEA /* Base */,
			);
			name = LaunchScreen.storyboard;
			sourceTree = "<group>";
		};
/* End PBXVariantGroup section */

/* Begin XCBuildConfiguration section */
		9A27BF501E0A01B100146EEA /* Debug */ = {
			isa = XCBuildConfiguration;
			buildSettings = {
				ALWAYS_SEARCH_USER_PATHS = NO;
				CLANG_ANALYZER_NONNULL = YES;
				CLANG_CXX_LANGUAGE_STANDARD = "gnu++0x";
				CLANG_CXX_LIBRARY = "libc++";
				CLANG_ENABLE_MODULES = YES;
				CLANG_ENABLE_OBJC_ARC = YES;
				CLANG_WARN_BOOL_CONVERSION = YES;
				CLANG_WARN_CONSTANT_CONVERSION = YES;
				CLANG_WARN_DIRECT_OBJC_ISA_USAGE = YES_ERROR;
				CLANG_WARN_DOCUMENTATION_COMMENTS = YES;
				CLANG_WARN_EMPTY_BODY = YES;
				CLANG_WARN_ENUM_CONVERSION = YES;
				CLANG_WARN_INFINITE_RECURSION = YES;
				CLANG_WARN_INT_CONVERSION = YES;
				CLANG_WARN_OBJC_ROOT_CLASS = YES_ERROR;
				CLANG_WARN_SUSPICIOUS_MOVE = YES;
				CLANG_WARN_SUSPICIOUS_MOVES = YES;
				CLANG_WARN_UNREACHABLE_CODE = YES;
				CLANG_WARN__DUPLICATE_METHOD_MATCH = YES;
				"CODE_SIGN_IDENTITY[sdk=iphoneos*]" = "iPhone Developer";
				COPY_PHASE_STRIP = NO;
				DEBUG_INFORMATION_FORMAT = dwarf;
				ENABLE_STRICT_OBJC_MSGSEND = YES;
				ENABLE_TESTABILITY = YES;
				GCC_C_LANGUAGE_STANDARD = gnu99;
				GCC_DYNAMIC_NO_PIC = NO;
				GCC_NO_COMMON_BLOCKS = YES;
				GCC_OPTIMIZATION_LEVEL = 0;
				GCC_PREPROCESSOR_DEFINITIONS = (
					"DEBUG=1",
					"$(inherited)",
				);
				GCC_WARN_64_TO_32_BIT_CONVERSION = YES;
				GCC_WARN_ABOUT_RETURN_TYPE = YES_ERROR;
				GCC_WARN_UNDECLARED_SELECTOR = YES;
				GCC_WARN_UNINITIALIZED_AUTOS = YES_AGGRESSIVE;
				GCC_WARN_UNUSED_FUNCTION = YES;
				GCC_WARN_UNUSED_VARIABLE = YES;
				IPHONEOS_DEPLOYMENT_TARGET = 10.0;
				MTL_ENABLE_DEBUG_INFO = YES;
				ONLY_ACTIVE_ARCH = YES;
				SDKROOT = iphoneos;
				SWIFT_ACTIVE_COMPILATION_CONDITIONS = DEBUG;
				SWIFT_OPTIMIZATION_LEVEL = "-Onone";
				TARGETED_DEVICE_FAMILY = "1,2";
			};
			name = Debug;
		};
		9A27BF511E0A01B100146EEA /* Release */ = {
			isa = XCBuildConfiguration;
			buildSettings = {
				ALWAYS_SEARCH_USER_PATHS = NO;
				CLANG_ANALYZER_NONNULL = YES;
				CLANG_CXX_LANGUAGE_STANDARD = "gnu++0x";
				CLANG_CXX_LIBRARY = "libc++";
				CLANG_ENABLE_MODULES = YES;
				CLANG_ENABLE_OBJC_ARC = YES;
				CLANG_WARN_BOOL_CONVERSION = YES;
				CLANG_WARN_CONSTANT_CONVERSION = YES;
				CLANG_WARN_DIRECT_OBJC_ISA_USAGE = YES_ERROR;
				CLANG_WARN_DOCUMENTATION_COMMENTS = YES;
				CLANG_WARN_EMPTY_BODY = YES;
				CLANG_WARN_ENUM_CONVERSION = YES;
				CLANG_WARN_INFINITE_RECURSION = YES;
				CLANG_WARN_INT_CONVERSION = YES;
				CLANG_WARN_OBJC_ROOT_CLASS = YES_ERROR;
				CLANG_WARN_SUSPICIOUS_MOVE = YES;
				CLANG_WARN_SUSPICIOUS_MOVES = YES;
				CLANG_WARN_UNREACHABLE_CODE = YES;
				CLANG_WARN__DUPLICATE_METHOD_MATCH = YES;
				"CODE_SIGN_IDENTITY[sdk=iphoneos*]" = "iPhone Developer";
				COPY_PHASE_STRIP = NO;
				DEBUG_INFORMATION_FORMAT = "dwarf-with-dsym";
				ENABLE_NS_ASSERTIONS = NO;
				ENABLE_STRICT_OBJC_MSGSEND = YES;
				GCC_C_LANGUAGE_STANDARD = gnu99;
				GCC_NO_COMMON_BLOCKS = YES;
				GCC_WARN_64_TO_32_BIT_CONVERSION = YES;
				GCC_WARN_ABOUT_RETURN_TYPE = YES_ERROR;
				GCC_WARN_UNDECLARED_SELECTOR = YES;
				GCC_WARN_UNINITIALIZED_AUTOS = YES_AGGRESSIVE;
				GCC_WARN_UNUSED_FUNCTION = YES;
				GCC_WARN_UNUSED_VARIABLE = YES;
				IPHONEOS_DEPLOYMENT_TARGET = 10.0;
				MTL_ENABLE_DEBUG_INFO = NO;
				SDKROOT = iphoneos;
				SWIFT_OPTIMIZATION_LEVEL = "-Owholemodule";
				TARGETED_DEVICE_FAMILY = "1,2";
				VALIDATE_PRODUCT = YES;
			};
			name = Release;
		};
		9A27BF531E0A01B100146EEA /* Debug */ = {
			isa = XCBuildConfiguration;
			baseConfigurationReference = 703EF1DA9E0B13718BB778C5 /* Pods-Pocket Change.debug.xcconfig */;
			buildSettings = {
				ASSETCATALOG_COMPILER_APPICON_NAME = AppIcon;
				DEVELOPMENT_TEAM = QDXV9N79EB;
				INFOPLIST_FILE = "Pocket Change/Info.plist";
				IPHONEOS_DEPLOYMENT_TARGET = 10.2;
				LD_RUNPATH_SEARCH_PATHS = "$(inherited) @executable_path/Frameworks";
				PRODUCT_BUNDLE_IDENTIFIER = "nwtsai.Pocket-Change";
				PRODUCT_NAME = "$(TARGET_NAME)";
				SWIFT_OPTIMIZATION_LEVEL = "-O";
				SWIFT_VERSION = 3.0;
			};
			name = Debug;
		};
		9A27BF541E0A01B100146EEA /* Release */ = {
			isa = XCBuildConfiguration;
			baseConfigurationReference = 8F0F7F4F5510AE26864AF489 /* Pods-Pocket Change.release.xcconfig */;
			buildSettings = {
				ASSETCATALOG_COMPILER_APPICON_NAME = AppIcon;
				DEVELOPMENT_TEAM = QDXV9N79EB;
				INFOPLIST_FILE = "Pocket Change/Info.plist";
				IPHONEOS_DEPLOYMENT_TARGET = 10.2;
				LD_RUNPATH_SEARCH_PATHS = "$(inherited) @executable_path/Frameworks";
				PRODUCT_BUNDLE_IDENTIFIER = "nwtsai.Pocket-Change";
				PRODUCT_NAME = "$(TARGET_NAME)";
				SWIFT_OPTIMIZATION_LEVEL = "-Owholemodule";
				SWIFT_VERSION = 3.0;
			};
			name = Release;
		};
/* End XCBuildConfiguration section */

/* Begin XCConfigurationList section */
		9A27BF221E0A01B100146EEA /* Build configuration list for PBXProject "Pocket Change" */ = {
			isa = XCConfigurationList;
			buildConfigurations = (
				9A27BF501E0A01B100146EEA /* Debug */,
				9A27BF511E0A01B100146EEA /* Release */,
			);
			defaultConfigurationIsVisible = 0;
			defaultConfigurationName = Release;
		};
		9A27BF521E0A01B100146EEA /* Build configuration list for PBXNativeTarget "Pocket Change" */ = {
			isa = XCConfigurationList;
			buildConfigurations = (
				9A27BF531E0A01B100146EEA /* Debug */,
				9A27BF541E0A01B100146EEA /* Release */,
			);
			defaultConfigurationIsVisible = 0;
			defaultConfigurationName = Release;
		};
/* End XCConfigurationList section */

/* Begin XCVersionGroup section */
		9AA401411E683F95006D4D70 /* Pocket_Change.xcdatamodeld */ = {
			isa = XCVersionGroup;
			children = (
				9AA401421E683F95006D4D70 /* Pocket_Change.xcdatamodel */,
			);
			currentVersion = 9AA401421E683F95006D4D70 /* Pocket_Change.xcdatamodel */;
			path = Pocket_Change.xcdatamodeld;
			sourceTree = "<group>";
			versionGroupType = wrapper.xcdatamodel;
		};
/* End XCVersionGroup section */
	};
	rootObject = 9A27BF1F1E0A01B100146EEA /* Project object */;
}
